
Microsoft Visual Studio Solution File, Format Version 12.00
# Visual Studio Version 17
VisualStudioVersion = 17.6.33829.357
MinimumVisualStudioVersion = 10.0.40219.1
Project("{FAE04EC0-301F-11D3-BF4B-00C04F79EFBC}") = "Laboratorio1", "Laboratorio1\Laboratorio1.csproj", "{09DE768D-7102-4495-96AF-30EE69F1A5FE}"
EndProject
Global
	GlobalSection(SolutionConfigurationPlatforms) = preSolution
		Debug|Any CPU = Debug|Any CPU
		Release|Any CPU = Release|Any CPU
	EndGlobalSection
	GlobalSection(ProjectConfigurationPlatforms) = postSolution
		{09DE768D-7102-4495-96AF-30EE69F1A5FE}.Debug|Any CPU.ActiveCfg = Debug|Any CPU
		{09DE768D-7102-4495-96AF-30EE69F1A5FE}.Debug|Any CPU.Build.0 = Debug|Any CPU
		{09DE768D-7102-4495-96AF-30EE69F1A5FE}.Release|Any CPU.ActiveCfg = Release|Any CPU
		{09DE768D-7102-4495-96AF-30EE69F1A5FE}.Release|Any CPU.Build.0 = Release|Any CPU
	EndGlobalSection
	GlobalSection(SolutionProperties) = preSolution
		HideSolutionNode = FALSE
	EndGlobalSection
	GlobalSection(ExtensibilityGlobals) = postSolution
		SolutionGuid = {1B0C5772-71F4-463B-A075-E3115E5626BA}
	EndGlobalSection
EndGlobal
